
Microsoft Visual Studio Solution File, Format Version 12.00
# Visual Studio Version 17
VisualStudioVersion = 17.9.34723.18
MinimumVisualStudioVersion = 10.0.40219.1
Project("{9A19103F-16F7-4668-BE54-9A1E7A4F7556}") = "MyFirstApp", "MyFirstApp.csproj", "{BC16CE39-03A5-4279-8D48-7D6EE75B212C}"
EndProject
Global
	GlobalSection(SolutionConfigurationPlatforms) = preSolution
		Debug|Any CPU = Debug|Any CPU
		Release|Any CPU = Release|Any CPU
	EndGlobalSection
	GlobalSection(ProjectConfigurationPlatforms) = postSolution
		{BC16CE39-03A5-4279-8D48-7D6EE75B212C}.Debug|Any CPU.ActiveCfg = Debug|Any CPU
		{BC16CE39-03A5-4279-8D48-7D6EE75B212C}.Debug|Any CPU.Build.0 = Debug|Any CPU
		{BC16CE39-03A5-4279-8D48-7D6EE75B212C}.Release|Any CPU.ActiveCfg = Release|Any CPU
		{BC16CE39-03A5-4279-8D48-7D6EE75B212C}.Release|Any CPU.Build.0 = Release|Any CPU
	EndGlobalSection
	GlobalSection(SolutionProperties) = preSolution
		HideSolutionNode = FALSE
	EndGlobalSection
	GlobalSection(ExtensibilityGlobals) = postSolution
		SolutionGuid = {79946EDF-6BBC-4F06-867B-709870620EFE}
	EndGlobalSection
EndGlobal
